// !$*UTF8*$!
{
	archiveVersion = 1;
	classes = {
	};
	objectVersion = 48;
	objects = {

/* Begin PBXBuildFile section */
		99B5C8372610C74A0094CB94 /* AppDelegate.swift in Sources */ = {isa = PBXBuildFile; fileRef = 99B5C8362610C74A0094CB94 /* AppDelegate.swift */; };
		99B5C8392610C74A0094CB94 /* ViewController.swift in Sources */ = {isa = PBXBuildFile; fileRef = 99B5C8382610C74A0094CB94 /* ViewController.swift */; };
		99B5C83C2610C74A0094CB94 /* Main.storyboard in Resources */ = {isa = PBXBuildFile; fileRef = 99B5C83A2610C74A0094CB94 /* Main.storyboard */; };
		99B5C83E2610C74A0094CB94 /* Assets.xcassets in Resources */ = {isa = PBXBuildFile; fileRef = 99B5C83D2610C74A0094CB94 /* Assets.xcassets */; };
		99B5C8412610C74A0094CB94 /* LaunchScreen.storyboard in Resources */ = {isa = PBXBuildFile; fileRef = 99B5C83F2610C74A0094CB94 /* LaunchScreen.storyboard */; };
		99B5C84C2610C74A0094CB94 /* TextViewAppTests.swift in Sources */ = {isa = PBXBuildFile; fileRef = 99B5C84B2610C74A0094CB94 /* TextViewAppTests.swift */; };
		99B5C8572610C74B0094CB94 /* TextViewAppUITests.swift in Sources */ = {isa = PBXBuildFile; fileRef = 99B5C8562610C74B0094CB94 /* TextViewAppUITests.swift */; };
/* End PBXBuildFile section */

/* Begin PBXContainerItemProxy section */
		99B5C8482610C74A0094CB94 /* PBXContainerItemProxy */ = {
			isa = PBXContainerItemProxy;
			containerPortal = 99B5C82B2610C74A0094CB94 /* Project object */;
			proxyType = 1;
			remoteGlobalIDString = 99B5C8322610C74A0094CB94;
			remoteInfo = TextViewApp;
		};
		99B5C8532610C74B0094CB94 /* PBXContainerItemProxy */ = {
			isa = PBXContainerItemProxy;
			containerPortal = 99B5C82B2610C74A0094CB94 /* Project object */;
			proxyType = 1;
			remoteGlobalIDString = 99B5C8322610C74A0094CB94;
			remoteInfo = TextViewApp;
		};
/* End PBXContainerItemProxy section */

/* Begin PBXFileReference section */
		99B5C8332610C74A0094CB94 /* TextViewApp.app */ = {isa = PBXFileReference; explicitFileType = wrapper.application; includeInIndex = 0; path = TextViewApp.app; sourceTree = BUILT_PRODUCTS_DIR; };
		99B5C8362610C74A0094CB94 /* AppDelegate.swift */ = {isa = PBXFileReference; lastKnownFileType = sourcecode.swift; path = AppDelegate.swift; sourceTree = "<group>"; };
		99B5C8382610C74A0094CB94 /* ViewController.swift */ = {isa = PBXFileReference; lastKnownFileType = sourcecode.swift; path = ViewController.swift; sourceTree = "<group>"; };
		99B5C83B2610C74A0094CB94 /* Base */ = {isa = PBXFileReference; lastKnownFileType = file.storyboard; name = Base; path = Base.lproj/Main.storyboard; sourceTree = "<group>"; };
		99B5C83D2610C74A0094CB94 /* Assets.xcassets */ = {isa = PBXFileReference; lastKnownFileType = folder.assetcatalog; path = Assets.xcassets; sourceTree = "<group>"; };
		99B5C8402610C74A0094CB94 /* Base */ = {isa = PBXFileReference; lastKnownFileType = file.storyboard; name = Base; path = Base.lproj/LaunchScreen.storyboard; sourceTree = "<group>"; };
		99B5C8422610C74A0094CB94 /* Info.plist */ = {isa = PBXFileReference; lastKnownFileType = text.plist.xml; path = Info.plist; sourceTree = "<group>"; };
		99B5C8472610C74A0094CB94 /* TextViewAppTests.xctest */ = {isa = PBXFileReference; explicitFileType = wrapper.cfbundle; includeInIndex = 0; path = TextViewAppTests.xctest; sourceTree = BUILT_PRODUCTS_DIR; };
		99B5C84B2610C74A0094CB94 /* TextViewAppTests.swift */ = {isa = PBXFileReference; lastKnownFileType = sourcecode.swift; path = TextViewAppTests.swift; sourceTree = "<group>"; };
		99B5C84D2610C74B0094CB94 /* Info.plist */ = {isa = PBXFileReference; lastKnownFileType = text.plist.xml; path = Info.plist; sourceTree = "<group>"; };
		99B5C8522610C74B0094CB94 /* TextViewAppUITests.xctest */ = {isa = PBXFileReference; explicitFileType = wrapper.cfbundle; includeInIndex = 0; path = TextViewAppUITests.xctest; sourceTree = BUILT_PRODUCTS_DIR; };
		99B5C8562610C74B0094CB94 /* TextViewAppUITests.swift */ = {isa = PBXFileReference; lastKnownFileType = sourcecode.swift; path = TextViewAppUITests.swift; sourceTree = "<group>"; };
		99B5C8582610C74B0094CB94 /* Info.plist */ = {isa = PBXFileReference; lastKnownFileType = text.plist.xml; path = Info.plist; sourceTree = "<group>"; };
/* End PBXFileReference section */

/* Begin PBXFrameworksBuildPhase section */
		99B5C8302610C74A0094CB94 /* Frameworks */ = {
			isa = PBXFrameworksBuildPhase;
			buildActionMask = 2147483647;
			files = (
			);
			runOnlyForDeploymentPostprocessing = 0;
		};
		99B5C8442610C74A0094CB94 /* Frameworks */ = {
			isa = PBXFrameworksBuildPhase;
			buildActionMask = 2147483647;
			files = (
			);
			runOnlyForDeploymentPostprocessing = 0;
		};
		99B5C84F2610C74B0094CB94 /* Frameworks */ = {
			isa = PBXFrameworksBuildPhase;
			buildActionMask = 2147483647;
			files = (
			);
			runOnlyForDeploymentPostprocessing = 0;
		};
/* End PBXFrameworksBuildPhase section */

/* Begin PBXGroup section */
		99B5C82A2610C74A0094CB94 = {
			isa = PBXGroup;
			children = (
				99B5C8352610C74A0094CB94 /* TextViewApp */,
				99B5C84A2610C74A0094CB94 /* TextViewAppTests */,
				99B5C8552610C74B0094CB94 /* TextViewAppUITests */,
				99B5C8342610C74A0094CB94 /* Products */,
			);
			sourceTree = "<group>";
		};
		99B5C8342610C74A0094CB94 /* Products */ = {
			isa = PBXGroup;
			children = (
				99B5C8332610C74A0094CB94 /* TextViewApp.app */,
				99B5C8472610C74A0094CB94 /* TextViewAppTests.xctest */,
				99B5C8522610C74B0094CB94 /* TextViewAppUITests.xctest */,
			);
			name = Products;
			sourceTree = "<group>";
		};
		99B5C8352610C74A0094CB94 /* TextViewApp */ = {
			isa = PBXGroup;
			children = (
				99B5C8362610C74A0094CB94 /* AppDelegate.swift */,
				99B5C8382610C74A0094CB94 /* ViewController.swift */,
				99B5C83A2610C74A0094CB94 /* Main.storyboard */,
				99B5C83D2610C74A0094CB94 /* Assets.xcassets */,
				99B5C83F2610C74A0094CB94 /* LaunchScreen.storyboard */,
				99B5C8422610C74A0094CB94 /* Info.plist */,
			);
			path = TextViewApp;
			sourceTree = "<group>";
		};
		99B5C84A2610C74A0094CB94 /* TextViewAppTests */ = {
			isa = PBXGroup;
			children = (
				99B5C84B2610C74A0094CB94 /* TextViewAppTests.swift */,
				99B5C84D2610C74B0094CB94 /* Info.plist */,
			);
			path = TextViewAppTests;
			sourceTree = "<group>";
		};
		99B5C8552610C74B0094CB94 /* TextViewAppUITests */ = {
			isa = PBXGroup;
			children = (
				99B5C8562610C74B0094CB94 /* TextViewAppUITests.swift */,
				99B5C8582610C74B0094CB94 /* Info.plist */,
			);
			path = TextViewAppUITests;
			sourceTree = "<group>";
		};
/* End PBXGroup section */

/* Begin PBXNativeTarget section */
		99B5C8322610C74A0094CB94 /* TextViewApp */ = {
			isa = PBXNativeTarget;
			buildConfigurationList = 99B5C85B2610C74B0094CB94 /* Build configuration list for PBXNativeTarget "TextViewApp" */;
			buildPhases = (
				99B5C82F2610C74A0094CB94 /* Sources */,
				99B5C8302610C74A0094CB94 /* Frameworks */,
				99B5C8312610C74A0094CB94 /* Resources */,
			);
			buildRules = (
			);
			dependencies = (
			);
			name = TextViewApp;
			productName = TextViewApp;
			productReference = 99B5C8332610C74A0094CB94 /* TextViewApp.app */;
			productType = "com.apple.product-type.application";
		};
		99B5C8462610C74A0094CB94 /* TextViewAppTests */ = {
			isa = PBXNativeTarget;
			buildConfigurationList = 99B5C85E2610C74B0094CB94 /* Build configuration list for PBXNativeTarget "TextViewAppTests" */;
			buildPhases = (
				99B5C8432610C74A0094CB94 /* Sources */,
				99B5C8442610C74A0094CB94 /* Frameworks */,
				99B5C8452610C74A0094CB94 /* Resources */,
			);
			buildRules = (
			);
			dependencies = (
				99B5C8492610C74A0094CB94 /* PBXTargetDependency */,
			);
			name = TextViewAppTests;
			productName = TextViewAppTests;
			productReference = 99B5C8472610C74A0094CB94 /* TextViewAppTests.xctest */;
			productType = "com.apple.product-type.bundle.unit-test";
		};
		99B5C8512610C74B0094CB94 /* TextViewAppUITests */ = {
			isa = PBXNativeTarget;
			buildConfigurationList = 99B5C8612610C74B0094CB94 /* Build configuration list for PBXNativeTarget "TextViewAppUITests" */;
			buildPhases = (
				99B5C84E2610C74B0094CB94 /* Sources */,
				99B5C84F2610C74B0094CB94 /* Frameworks */,
				99B5C8502610C74B0094CB94 /* Resources */,
			);
			buildRules = (
			);
			dependencies = (
				99B5C8542610C74B0094CB94 /* PBXTargetDependency */,
			);
			name = TextViewAppUITests;
			productName = TextViewAppUITests;
			productReference = 99B5C8522610C74B0094CB94 /* TextViewAppUITests.xctest */;
			productType = "com.apple.product-type.bundle.ui-testing";
		};
/* End PBXNativeTarget section */

/* Begin PBXProject section */
		99B5C82B2610C74A0094CB94 /* Project object */ = {
			isa = PBXProject;
			attributes = {
				LastSwiftUpdateCheck = 0920;
				LastUpgradeCheck = 0920;
				ORGANIZATIONNAME = "Giuseppe Cannizzo";
				TargetAttributes = {
					99B5C8322610C74A0094CB94 = {
						CreatedOnToolsVersion = 9.2;
						ProvisioningStyle = Automatic;
					};
					99B5C8462610C74A0094CB94 = {
						CreatedOnToolsVersion = 9.2;
						ProvisioningStyle = Automatic;
						TestTargetID = 99B5C8322610C74A0094CB94;
					};
					99B5C8512610C74B0094CB94 = {
						CreatedOnToolsVersion = 9.2;
						ProvisioningStyle = Automatic;
						TestTargetID = 99B5C8322610C74A0094CB94;
					};
				};
			};
			buildConfigurationList = 99B5C82E2610C74A0094CB94 /* Build configuration list for PBXProject "TextViewApp" */;
			compatibilityVersion = "Xcode 8.0";
			developmentRegion = en;
			hasScannedForEncodings = 0;
			knownRegions = (
				en,
				Base,
			);
			mainGroup = 99B5C82A2610C74A0094CB94;
			productRefGroup = 99B5C8342610C74A0094CB94 /* Products */;
			projectDirPath = "";
			projectRoot = "";
			targets = (
				99B5C8322610C74A0094CB94 /* TextViewApp */,
				99B5C8462610C74A0094CB94 /* TextViewAppTests */,
				99B5C8512610C74B0094CB94 /* TextViewAppUITests */,
			);
		};
/* End PBXProject section */

/* Begin PBXResourcesBuildPhase section */
		99B5C8312610C74A0094CB94 /* Resources */ = {
			isa = PBXResourcesBuildPhase;
			buildActionMask = 2147483647;
			files = (
				99B5C8412610C74A0094CB94 /* LaunchScreen.storyboard in Resources */,
				99B5C83E2610C74A0094CB94 /* Assets.xcassets in Resources */,
				99B5C83C2610C74A0094CB94 /* Main.storyboard in Resources */,
			);
			runOnlyForDeploymentPostprocessing = 0;
		};
		99B5C8452610C74A0094CB94 /* Resources */ = {
			isa = PBXResourcesBuildPhase;
			buildActionMask = 2147483647;
			files = (
			);
			runOnlyForDeploymentPostprocessing = 0;
		};
		99B5C8502610C74B0094CB94 /* Resources */ = {
			isa = PBXResourcesBuildPhase;
			buildActionMask = 2147483647;
			files = (
			);
			runOnlyForDeploymentPostprocessing = 0;
		};
/* End PBXResourcesBuildPhase section */

/* Begin PBXSourcesBuildPhase section */
		99B5C82F2610C74A0094CB94 /* Sources */ = {
			isa = PBXSourcesBuildPhase;
			buildActionMask = 2147483647;
			files = (
				99B5C8392610C74A0094CB94 /* ViewController.swift in Sources */,
				99B5C8372610C74A0094CB94 /* AppDelegate.swift in Sources */,
			);
			runOnlyForDeploymentPostprocessing = 0;
		};
		99B5C8432610C74A0094CB94 /* Sources */ = {
			isa = PBXSourcesBuildPhase;
			buildActionMask = 2147483647;
			files = (
				99B5C84C2610C74A0094CB94 /* TextViewAppTests.swift in Sources */,
			);
			runOnlyForDeploymentPostprocessing = 0;
		};
		99B5C84E2610C74B0094CB94 /* Sources */ = {
			isa = PBXSourcesBuildPhase;
			buildActionMask = 2147483647;
			files = (
				99B5C8572610C74B0094CB94 /* TextViewAppUITests.swift in Sources */,
			);
			runOnlyForDeploymentPostprocessing = 0;
		};
/* End PBXSourcesBuildPhase section */

/* Begin PBXTargetDependency section */
		99B5C8492610C74A0094CB94 /* PBXTargetDependency */ = {
			isa = PBXTargetDependency;
			target = 99B5C8322610C74A0094CB94 /* TextViewApp */;
			targetProxy = 99B5C8482610C74A0094CB94 /* PBXContainerItemProxy */;
		};
		99B5C8542610C74B0094CB94 /* PBXTargetDependency */ = {
			isa = PBXTargetDependency;
			target = 99B5C8322610C74A0094CB94 /* TextViewApp */;
			targetProxy = 99B5C8532610C74B0094CB94 /* PBXContainerItemProxy */;
		};
/* End PBXTargetDependency section */

/* Begin PBXVariantGroup section */
		99B5C83A2610C74A0094CB94 /* Main.storyboard */ = {
			isa = PBXVariantGroup;
			children = (
				99B5C83B2610C74A0094CB94 /* Base */,
			);
			name = Main.storyboard;
			sourceTree = "<group>";
		};
		99B5C83F2610C74A0094CB94 /* LaunchScreen.storyboard */ = {
			isa = PBXVariantGroup;
			children = (
				99B5C8402610C74A0094CB94 /* Base */,
			);
			name = LaunchScreen.storyboard;
			sourceTree = "<group>";
		};
/* End PBXVariantGroup section */

/* Begin XCBuildConfiguration section */
		99B5C8592610C74B0094CB94 /* Debug */ = {
			isa = XCBuildConfiguration;
			buildSettings = {
				ALWAYS_SEARCH_USER_PATHS = NO;
				CLANG_ANALYZER_NONNULL = YES;
				CLANG_ANALYZER_NUMBER_OBJECT_CONVERSION = YES_AGGRESSIVE;
				CLANG_CXX_LANGUAGE_STANDARD = "gnu++14";
				CLANG_CXX_LIBRARY = "libc++";
				CLANG_ENABLE_MODULES = YES;
				CLANG_ENABLE_OBJC_ARC = YES;
				CLANG_WARN_BLOCK_CAPTURE_AUTORELEASING = YES;
				CLANG_WARN_BOOL_CONVERSION = YES;
				CLANG_WARN_COMMA = YES;
				CLANG_WARN_CONSTANT_CONVERSION = YES;
				CLANG_WARN_DIRECT_OBJC_ISA_USAGE = YES_ERROR;
				CLANG_WARN_DOCUMENTATION_COMMENTS = YES;
				CLANG_WARN_EMPTY_BODY = YES;
				CLANG_WARN_ENUM_CONVERSION = YES;
				CLANG_WARN_INFINITE_RECURSION = YES;
				CLANG_WARN_INT_CONVERSION = YES;
				CLANG_WARN_NON_LITERAL_NULL_CONVERSION = YES;
				CLANG_WARN_OBJC_LITERAL_CONVERSION = YES;
				CLANG_WARN_OBJC_ROOT_CLASS = YES_ERROR;
				CLANG_WARN_RANGE_LOOP_ANALYSIS = YES;
				CLANG_WARN_STRICT_PROTOTYPES = YES;
				CLANG_WARN_SUSPICIOUS_MOVE = YES;
				CLANG_WARN_UNGUARDED_AVAILABILITY = YES_AGGRESSIVE;
				CLANG_WARN_UNREACHABLE_CODE = YES;
				CLANG_WARN__DUPLICATE_METHOD_MATCH = YES;
				CODE_SIGN_IDENTITY = "iPhone Developer";
				COPY_PHASE_STRIP = NO;
				DEBUG_INFORMATION_FORMAT = dwarf;
				ENABLE_STRICT_OBJC_MSGSEND = YES;
				ENABLE_TESTABILITY = YES;
				GCC_C_LANGUAGE_STANDARD = gnu11;
				GCC_DYNAMIC_NO_PIC = NO;
				GCC_NO_COMMON_BLOCKS = YES;
				GCC_OPTIMIZATION_LEVEL = 0;
				GCC_PREPROCESSOR_DEFINITIONS = (
					"DEBUG=1",
					"$(inherited)",
				);
				GCC_WARN_64_TO_32_BIT_CONVERSION = YES;
				GCC_WARN_ABOUT_RETURN_TYPE = YES_ERROR;
				GCC_WARN_UNDECLARED_SELECTOR = YES;
				GCC_WARN_UNINITIALIZED_AUTOS = YES_AGGRESSIVE;
				GCC_WARN_UNUSED_FUNCTION = YES;
				GCC_WARN_UNUSED_VARIABLE = YES;
				IPHONEOS_DEPLOYMENT_TARGET = 11.2;
				MTL_ENABLE_DEBUG_INFO = YES;
				ONLY_ACTIVE_ARCH = YES;
				SDKROOT = iphoneos;
				SWIFT_ACTIVE_COMPILATION_CONDITIONS = DEBUG;
				SWIFT_OPTIMIZATION_LEVEL = "-Onone";
			};
			name = Debug;
		};
		99B5C85A2610C74B0094CB94 /* Release */ = {
			isa = XCBuildConfiguration;
			buildSettings = {
				ALWAYS_SEARCH_USER_PATHS = NO;
				CLANG_ANALYZER_NONNULL = YES;
				CLANG_ANALYZER_NUMBER_OBJECT_CONVERSION = YES_AGGRESSIVE;
				CLANG_CXX_LANGUAGE_STANDARD = "gnu++14";
				CLANG_CXX_LIBRARY = "libc++";
				CLANG_ENABLE_MODULES = YES;
				CLANG_ENABLE_OBJC_ARC = YES;
				CLANG_WARN_BLOCK_CAPTURE_AUTORELEASING = YES;
				CLANG_WARN_BOOL_CONVERSION = YES;
				CLANG_WARN_COMMA = YES;
				CLANG_WARN_CONSTANT_CONVERSION = YES;
				CLANG_WARN_DIRECT_OBJC_ISA_USAGE = YES_ERROR;
				CLANG_WARN_DOCUMENTATION_COMMENTS = YES;
				CLANG_WARN_EMPTY_BODY = YES;
				CLANG_WARN_ENUM_CONVERSION = YES;
				CLANG_WARN_INFINITE_RECURSION = YES;
				CLANG_WARN_INT_CONVERSION = YES;
				CLANG_WARN_NON_LITERAL_NULL_CONVERSION = YES;
				CLANG_WARN_OBJC_LITERAL_CONVERSION = YES;
				CLANG_WARN_OBJC_ROOT_CLASS = YES_ERROR;
				CLANG_WARN_RANGE_LOOP_ANALYSIS = YES;
				CLANG_WARN_STRICT_PROTOTYPES = YES;
				CLANG_WARN_SUSPICIOUS_MOVE = YES;
				CLANG_WARN_UNGUARDED_AVAILABILITY = YES_AGGRESSIVE;
				CLANG_WARN_UNREACHABLE_CODE = YES;
				CLANG_WARN__DUPLICATE_METHOD_MATCH = YES;
				CODE_SIGN_IDENTITY = "iPhone Developer";
				COPY_PHASE_STRIP = NO;
				DEBUG_INFORMATION_FORMAT = "dwarf-with-dsym";
				ENABLE_NS_ASSERTIONS = NO;
				ENABLE_STRICT_OBJC_MSGSEND = YES;
				GCC_C_LANGUAGE_STANDARD = gnu11;
				GCC_NO_COMMON_BLOCKS = YES;
				GCC_WARN_64_TO_32_BIT_CONVERSION = YES;
				GCC_WARN_ABOUT_RETURN_TYPE = YES_ERROR;
				GCC_WARN_UNDECLARED_SELECTOR = YES;
				GCC_WARN_UNINITIALIZED_AUTOS = YES_AGGRESSIVE;
				GCC_WARN_UNUSED_FUNCTION = YES;
				GCC_WARN_UNUSED_VARIABLE = YES;
				IPHONEOS_DEPLOYMENT_TARGET = 11.2;
				MTL_ENABLE_DEBUG_INFO = NO;
				SDKROOT = iphoneos;
				SWIFT_OPTIMIZATION_LEVEL = "-Owholemodule";
				VALIDATE_PRODUCT = YES;
			};
			name = Release;
		};
		99B5C85C2610C74B0094CB94 /* Debug */ = {
			isa = XCBuildConfiguration;
			buildSettings = {
				ASSETCATALOG_COMPILER_APPICON_NAME = AppIcon;
				CODE_SIGN_STYLE = Automatic;
				DEVELOPMENT_TEAM = R865W3GXMV;
				INFOPLIST_FILE = TextViewApp/Info.plist;
				LD_RUNPATH_SEARCH_PATHS = "$(inherited) @executable_path/Frameworks";
				PRODUCT_BUNDLE_IDENTIFIER = "ggcann60-gmail.com.TextViewApp";
				PRODUCT_NAME = "$(TARGET_NAME)";
				SWIFT_VERSION = 4.0;
				TARGETED_DEVICE_FAMILY = "1,2";
			};
			name = Debug;
		};
		99B5C85D2610C74B0094CB94 /* Release */ = {
			isa = XCBuildConfiguration;
			buildSettings = {
				ASSETCATALOG_COMPILER_APPICON_NAME = AppIcon;
				CODE_SIGN_STYLE = Automatic;
				DEVELOPMENT_TEAM = R865W3GXMV;
				INFOPLIST_FILE = TextViewApp/Info.plist;
				LD_RUNPATH_SEARCH_PATHS = "$(inherited) @executable_path/Frameworks";
				PRODUCT_BUNDLE_IDENTIFIER = "ggcann60-gmail.com.TextViewApp";
				PRODUCT_NAME = "$(TARGET_NAME)";
				SWIFT_VERSION = 4.0;
				TARGETED_DEVICE_FAMILY = "1,2";
			};
			name = Release;
		};
		99B5C85F2610C74B0094CB94 /* Debug */ = {
			isa = XCBuildConfiguration;
			buildSettings = {
				ALWAYS_EMBED_SWIFT_STANDARD_LIBRARIES = YES;
				BUNDLE_LOADER = "$(TEST_HOST)";
				CODE_SIGN_STYLE = Automatic;
				DEVELOPMENT_TEAM = R865W3GXMV;
				INFOPLIST_FILE = TextViewAppTests/Info.plist;
				LD_RUNPATH_SEARCH_PATHS = "$(inherited) @executable_path/Frameworks @loader_path/Frameworks";
				PRODUCT_BUNDLE_IDENTIFIER = "ggcann60-gmail.com.TextViewAppTests";
				PRODUCT_NAME = "$(TARGET_NAME)";
				SWIFT_VERSION = 4.0;
				TARGETED_DEVICE_FAMILY = "1,2";
				TEST_HOST = "$(BUILT_PRODUCTS_DIR)/TextViewApp.app/TextViewApp";
			};
			name = Debug;
		};
		99B5C8602610C74B0094CB94 /* Release */ = {
			isa = XCBuildConfiguration;
			buildSettings = {
				ALWAYS_EMBED_SWIFT_STANDARD_LIBRARIES = YES;
				BUNDLE_LOADER = "$(TEST_HOST)";
				CODE_SIGN_STYLE = Automatic;
				DEVELOPMENT_TEAM = R865W3GXMV;
				INFOPLIST_FILE = TextViewAppTests/Info.plist;
				LD_RUNPATH_SEARCH_PATHS = "$(inherited) @executable_path/Frameworks @loader_path/Frameworks";
				PRODUCT_BUNDLE_IDENTIFIER = "ggcann60-gmail.com.TextViewAppTests";
				PRODUCT_NAME = "$(TARGET_NAME)";
				SWIFT_VERSION = 4.0;
				TARGETED_DEVICE_FAMILY = "1,2";
				TEST_HOST = "$(BUILT_PRODUCTS_DIR)/TextViewApp.app/TextViewApp";
			};
			name = Release;
		};
		99B5C8622610C74B0094CB94 /* Debug */ = {
			isa = XCBuildConfiguration;
			buildSettings = {
				ALWAYS_EMBED_SWIFT_STANDARD_LIBRARIES = YES;
				CODE_SIGN_STYLE = Automatic;
				DEVELOPMENT_TEAM = R865W3GXMV;
				INFOPLIST_FILE = TextViewAppUITests/Info.plist;
				LD_RUNPATH_SEARCH_PATHS = "$(inherited) @executable_path/Frameworks @loader_path/Frameworks";
				PRODUCT_BUNDLE_IDENTIFIER = "ggcann60-gmail.com.TextViewAppUITests";
				PRODUCT_NAME = "$(TARGET_NAME)";
				SWIFT_VERSION = 4.0;
				TARGETED_DEVICE_FAMILY = "1,2";
				TEST_TARGET_NAME = TextViewApp;
			};
			name = Debug;
		};
		99B5C8632610C74B0094CB94 /* Release */ = {
			isa = XCBuildConfiguration;
			buildSettings = {
				ALWAYS_EMBED_SWIFT_STANDARD_LIBRARIES = YES;
				CODE_SIGN_STYLE = Automatic;
				DEVELOPMENT_TEAM = R865W3GXMV;
				INFOPLIST_FILE = TextViewAppUITests/Info.plist;
				LD_RUNPATH_SEARCH_PATHS = "$(inherited) @executable_path/Frameworks @loader_path/Frameworks";
				PRODUCT_BUNDLE_IDENTIFIER = "ggcann60-gmail.com.TextViewAppUITests";
				PRODUCT_NAME = "$(TARGET_NAME)";
				SWIFT_VERSION = 4.0;
				TARGETED_DEVICE_FAMILY = "1,2";
				TEST_TARGET_NAME = TextViewApp;
			};
			name = Release;
		};
/* End XCBuildConfiguration section */

/* Begin XCConfigurationList section */
		99B5C82E2610C74A0094CB94 /* Build configuration list for PBXProject "TextViewApp" */ = {
			isa = XCConfigurationList;
			buildConfigurations = (
				99B5C8592610C74B0094CB94 /* Debug */,
				99B5C85A2610C74B0094CB94 /* Release */,
			);
			defaultConfigurationIsVisible = 0;
			defaultConfigurationName = Release;
		};
		99B5C85B2610C74B0094CB94 /* Build configuration list for PBXNativeTarget "TextViewApp" */ = {
			isa = XCConfigurationList;
			buildConfigurations = (
				99B5C85C2610C74B0094CB94 /* Debug */,
				99B5C85D2610C74B0094CB94 /* Release */,
			);
			defaultConfigurationIsVisible = 0;
			defaultConfigurationName = Release;
		};
		99B5C85E2610C74B0094CB94 /* Build configuration list for PBXNativeTarget "TextViewAppTests" */ = {
			isa = XCConfigurationList;
			buildConfigurations = (
				99B5C85F2610C74B0094CB94 /* Debug */,
				99B5C8602610C74B0094CB94 /* Release */,
			);
			defaultConfigurationIsVisible = 0;
			defaultConfigurationName = Release;
		};
		99B5C8612610C74B0094CB94 /* Build configuration list for PBXNativeTarget "TextViewAppUITests" */ = {
			isa = XCConfigurationList;
			buildConfigurations = (
				99B5C8622610C74B0094CB94 /* Debug */,
				99B5C8632610C74B0094CB94 /* Release */,
			);
			defaultConfigurationIsVisible = 0;
			defaultConfigurationName = Release;
		};
/* End XCConfigurationList section */
	};
	rootObject = 99B5C82B2610C74A0094CB94 /* Project object */;
}
